Microsoft Visual Studio Solution File, Format Version 12.00
# Visual Studio Version 16
VisualStudioVersion = 16.0.29020.237
MinimumVisualStudioVersion = 10.0.40219.1
Project("{9A19103F-16F7-4668-BE54-9A1E7A4F7556}") = "RubberDucky.Web", "RubberDucky.Web\RubberDucky.Web.csproj", "{D5C842EB-77FB-4C2C-8BF4-5414A6BB7755}"
EndProject
Project("{9A19103F-16F7-4668-BE54-9A1E7A4F7556}") = "RubberDucky.Common", "RubberDucky.Common\RubberDucky.Common.csproj", "{5A5DD4CD-6BFE-41B8-96F8-3AF60809B1E3}"
EndProject
Project("{FAE04EC0-301F-11D3-BF4B-00C04F79EFBC}") = "RubberDucky.ConsoleApp", "RubberDucky.ConsoleApp\RubberDucky.ConsoleApp.csproj", "{1AF59A72-4719-47B5-B463-A1BCCBC1ABEB}"
EndProject
Global
	GlobalSection(SolutionConfigurationPlatforms) = preSolution
		Debug|Any CPU = Debug|Any CPU
		Release|Any CPU = Release|Any CPU
	EndGlobalSection
	GlobalSection(ProjectConfigurationPlatforms) = postSolution
		{D5C842EB-77FB-4C2C-8BF4-5414A6BB7755}.Debug|Any CPU.ActiveCfg = Debug|Any CPU
		{D5C842EB-77FB-4C2C-8BF4-5414A6BB7755}.Debug|Any CPU.Build.0 = Debug|Any CPU
		{D5C842EB-77FB-4C2C-8BF4-5414A6BB7755}.Release|Any CPU.ActiveCfg = Release|Any CPU
		{D5C842EB-77FB-4C2C-8BF4-5414A6BB7755}.Release|Any CPU.Build.0 = Release|Any CPU
		{5A5DD4CD-6BFE-41B8-96F8-3AF60809B1E3}.Debug|Any CPU.ActiveCfg = Debug|Any CPU
		{5A5DD4CD-6BFE-41B8-96F8-3AF60809B1E3}.Debug|Any CPU.Build.0 = Debug|Any CPU
		{5A5DD4CD-6BFE-41B8-96F8-3AF60809B1E3}.Release|Any CPU.ActiveCfg = Release|Any CPU
		{5A5DD4CD-6BFE-41B8-96F8-3AF60809B1E3}.Release|Any CPU.Build.0 = Release|Any CPU
		{1AF59A72-4719-47B5-B463-A1BCCBC1ABEB}.Debug|Any CPU.ActiveCfg = Debug|Any CPU
		{1AF59A72-4719-47B5-B463-A1BCCBC1ABEB}.Debug|Any CPU.Build.0 = Debug|Any CPU
		{1AF59A72-4719-47B5-B463-A1BCCBC1ABEB}.Release|Any CPU.ActiveCfg = Release|Any CPU
		{1AF59A72-4719-47B5-B463-A1BCCBC1ABEB}.Release|Any CPU.Build.0 = Release|Any CPU
	EndGlobalSection
	GlobalSection(SolutionProperties) = preSolution
		HideSolutionNode = FALSE
	EndGlobalSection
	GlobalSection(ExtensibilityGlobals) = postSolution
		SolutionGuid = {F8EE0934-0866-4653-8462-0D44C4D7774E}
	EndGlobalSection
EndGlobal
